// !$*UTF8*$!
{
	archiveVersion = 1;
	classes = {
	};
	objectVersion = 50;
	objects = {

/* Begin PBXBuildFile section */
		57F017CA297DC0F90065B50E /* Elev8rApp.swift in Sources */ = {isa = PBXBuildFile; fileRef = 57F017C9297DC0F90065B50E /* Elev8rApp.swift */; };
		57F017CC297DC0F90065B50E /* ContentView.swift in Sources */ = {isa = PBXBuildFile; fileRef = 57F017CB297DC0F90065B50E /* ContentView.swift */; };
		57F017CE297DC1050065B50E /* Assets.xcassets in Resources */ = {isa = PBXBuildFile; fileRef = 57F017CD297DC1050065B50E /* Assets.xcassets */; };
		57F017D1297DC1050065B50E /* Preview Assets.xcassets in Resources */ = {isa = PBXBuildFile; fileRef = 57F017D0297DC1050065B50E /* Preview Assets.xcassets */; };
		57F017DC297DC1050065B50E /* Elev8rTests.swift in Sources */ = {isa = PBXBuildFile; fileRef = 57F017DB297DC1050065B50E /* Elev8rTests.swift */; };
		57F017E7297DC1050065B50E /* Elev8rUITests.swift in Sources */ = {isa = PBXBuildFile; fileRef = 57F017E6297DC1050065B50E /* Elev8rUITests.swift */; };
		57F017F8297DC4C00065B50E /* elevatorStep.swift in Sources */ = {isa = PBXBuildFile; fileRef = 57F017F7297DC4C00065B50E /* elevatorStep.swift */; };
		57F017F9297DC4C00065B50E /* elevatorStep.swift in Sources */ = {isa = PBXBuildFile; fileRef = 57F017F7297DC4C00065B50E /* elevatorStep.swift */; };
		57F017FE297DC7300065B50E /* ElevatorStepView.swift in Sources */ = {isa = PBXBuildFile; fileRef = 57F017FD297DC7300065B50E /* ElevatorStepView.swift */; };
		57F017FF297DC7300065B50E /* ElevatorStepView.swift in Sources */ = {isa = PBXBuildFile; fileRef = 57F017FD297DC7300065B50E /* ElevatorStepView.swift */; };
		57F01807297DC8B60065B50E /* ModelData.swift in Sources */ = {isa = PBXBuildFile; fileRef = 57F01806297DC8B60065B50E /* ModelData.swift */; };
		57F01808297DC8B60065B50E /* ModelData.swift in Sources */ = {isa = PBXBuildFile; fileRef = 57F01806297DC8B60065B50E /* ModelData.swift */; };
		57F0180D297DCC260065B50E /* elevatorData.json in Resources */ = {isa = PBXBuildFile; fileRef = 57F0180C297DCC260065B50E /* elevatorData.json */; };
		57F0180E297DCC260065B50E /* elevatorData.json in Resources */ = {isa = PBXBuildFile; fileRef = 57F0180C297DCC260065B50E /* elevatorData.json */; };
		57F01813297DD9970065B50E /* ElevatorView.swift in Sources */ = {isa = PBXBuildFile; fileRef = 57F01812297DD9970065B50E /* ElevatorView.swift */; };
		57F01814297DD9970065B50E /* ElevatorView.swift in Sources */ = {isa = PBXBuildFile; fileRef = 57F01812297DD9970065B50E /* ElevatorView.swift */; };
		57F01819297DED050065B50E /* ElevatorStepEntryView.swift in Sources */ = {isa = PBXBuildFile; fileRef = 57F01818297DED050065B50E /* ElevatorStepEntryView.swift */; };
		57F0181A297DED050065B50E /* ElevatorStepEntryView.swift in Sources */ = {isa = PBXBuildFile; fileRef = 57F01818297DED050065B50E /* ElevatorStepEntryView.swift */; };
/* End PBXBuildFile section */

/* Begin PBXContainerItemProxy section */
		57F017D8297DC1050065B50E /* PBXContainerItemProxy */ = {
			isa = PBXContainerItemProxy;
			containerPortal = 57F017BE297DC0F90065B50E /* Project object */;
			proxyType = 1;
			remoteGlobalIDString = 57F017C5297DC0F90065B50E;
			remoteInfo = Elev8r;
		};
		57F017E3297DC1050065B50E /* PBXContainerItemProxy */ = {
			isa = PBXContainerItemProxy;
			containerPortal = 57F017BE297DC0F90065B50E /* Project object */;
			proxyType = 1;
			remoteGlobalIDString = 57F017C5297DC0F90065B50E;
			remoteInfo = Elev8r;
		};
/* End PBXContainerItemProxy section */

/* Begin PBXFileReference section */
		57F017C6297DC0F90065B50E /* Elev8r.app */ = {isa = PBXFileReference; explicitFileType = wrapper.application; includeInIndex = 0; path = Elev8r.app; sourceTree = BUILT_PRODUCTS_DIR; };
		57F017C9297DC0F90065B50E /* Elev8rApp.swift */ = {isa = PBXFileReference; lastKnownFileType = sourcecode.swift; path = Elev8rApp.swift; sourceTree = "<group>"; };
		57F017CB297DC0F90065B50E /* ContentView.swift */ = {isa = PBXFileReference; lastKnownFileType = sourcecode.swift; path = ContentView.swift; sourceTree = "<group>"; };
		57F017CD297DC1050065B50E /* Assets.xcassets */ = {isa = PBXFileReference; lastKnownFileType = folder.assetcatalog; path = Assets.xcassets; sourceTree = "<group>"; };
		57F017D0297DC1050065B50E /* Preview Assets.xcassets */ = {isa = PBXFileReference; lastKnownFileType = folder.assetcatalog; path = "Preview Assets.xcassets"; sourceTree = "<group>"; };
		57F017D2297DC1050065B50E /* Info.plist */ = {isa = PBXFileReference; lastKnownFileType = text.plist.xml; path = Info.plist; sourceTree = "<group>"; };
		57F017D7297DC1050065B50E /* Elev8rTests.xctest */ = {isa = PBXFileReference; explicitFileType = wrapper.cfbundle; includeInIndex = 0; path = Elev8rTests.xctest; sourceTree = BUILT_PRODUCTS_DIR; };
		57F017DB297DC1050065B50E /* Elev8rTests.swift */ = {isa = PBXFileReference; lastKnownFileType = sourcecode.swift; path = Elev8rTests.swift; sourceTree = "<group>"; };
		57F017DD297DC1050065B50E /* Info.plist */ = {isa = PBXFileReference; lastKnownFileType = text.plist.xml; path = Info.plist; sourceTree = "<group>"; };
		57F017E2297DC1050065B50E /* Elev8rUITests.xctest */ = {isa = PBXFileReference; explicitFileType = wrapper.cfbundle; includeInIndex = 0; path = Elev8rUITests.xctest; sourceTree = BUILT_PRODUCTS_DIR; };
		57F017E6297DC1050065B50E /* Elev8rUITests.swift */ = {isa = PBXFileReference; lastKnownFileType = sourcecode.swift; path = Elev8rUITests.swift; sourceTree = "<group>"; };
		57F017E8297DC1050065B50E /* Info.plist */ = {isa = PBXFileReference; lastKnownFileType = text.plist.xml; path = Info.plist; sourceTree = "<group>"; };
		57F017F7297DC4C00065B50E /* elevatorStep.swift */ = {isa = PBXFileReference; lastKnownFileType = sourcecode.swift; path = elevatorStep.swift; sourceTree = "<group>"; };
		57F017FD297DC7300065B50E /* ElevatorStepView.swift */ = {isa = PBXFileReference; lastKnownFileType = sourcecode.swift; path = ElevatorStepView.swift; sourceTree = "<group>"; };
		57F01806297DC8B60065B50E /* ModelData.swift */ = {isa = PBXFileReference; lastKnownFileType = sourcecode.swift; path = ModelData.swift; sourceTree = "<group>"; };
		57F0180C297DCC260065B50E /* elevatorData.json */ = {isa = PBXFileReference; lastKnownFileType = text.json; path = elevatorData.json; sourceTree = "<group>"; };
		57F01812297DD9970065B50E /* ElevatorView.swift */ = {isa = PBXFileReference; lastKnownFileType = sourcecode.swift; path = ElevatorView.swift; sourceTree = "<group>"; };
		57F01818297DED050065B50E /* ElevatorStepEntryView.swift */ = {isa = PBXFileReference; lastKnownFileType = sourcecode.swift; path = ElevatorStepEntryView.swift; sourceTree = "<group>"; };
/* End PBXFileReference section */

/* Begin PBXFrameworksBuildPhase section */
		57F017C3297DC0F90065B50E /* Frameworks */ = {
			isa = PBXFrameworksBuildPhase;
			buildActionMask = 2147483647;
			files = (
			);
			runOnlyForDeploymentPostprocessing = 0;
		};
		57F017D4297DC1050065B50E /* Frameworks */ = {
			isa = PBXFrameworksBuildPhase;
			buildActionMask = 2147483647;
			files = (
			);
			runOnlyForDeploymentPostprocessing = 0;
		};
		57F017DF297DC1050065B50E /* Frameworks */ = {
			isa = PBXFrameworksBuildPhase;
			buildActionMask = 2147483647;
			files = (
			);
			runOnlyForDeploymentPostprocessing = 0;
		};
/* End PBXFrameworksBuildPhase section */

/* Begin PBXGroup section */
		57F017BD297DC0F90065B50E = {
			isa = PBXGroup;
			children = (
				57F017C8297DC0F90065B50E /* Elev8r */,
				57F017DA297DC1050065B50E /* Elev8rTests */,
				57F017E5297DC1050065B50E /* Elev8rUITests */,
				57F017C7297DC0F90065B50E /* Products */,
			);
			sourceTree = "<group>";
		};
		57F017C7297DC0F90065B50E /* Products */ = {
			isa = PBXGroup;
			children = (
				57F017C6297DC0F90065B50E /* Elev8r.app */,
				57F017D7297DC1050065B50E /* Elev8rTests.xctest */,
				57F017E2297DC1050065B50E /* Elev8rUITests.xctest */,
			);
			name = Products;
			sourceTree = "<group>";
		};
		57F017C8297DC0F90065B50E /* Elev8r */ = {
			isa = PBXGroup;
			children = (
				57F017C9297DC0F90065B50E /* Elev8rApp.swift */,
				57F017CB297DC0F90065B50E /* ContentView.swift */,
				57F017F7297DC4C00065B50E /* elevatorStep.swift */,
				57F017FD297DC7300065B50E /* ElevatorStepView.swift */,
				57F01818297DED050065B50E /* ElevatorStepEntryView.swift */,
				57F01812297DD9970065B50E /* ElevatorView.swift */,
				57F01806297DC8B60065B50E /* ModelData.swift */,
				57F0180C297DCC260065B50E /* elevatorData.json */,
				57F017CD297DC1050065B50E /* Assets.xcassets */,
				57F017D2297DC1050065B50E /* Info.plist */,
				57F017CF297DC1050065B50E /* Preview Content */,
			);
			path = Elev8r;
			sourceTree = "<group>";
		};
		57F017CF297DC1050065B50E /* Preview Content */ = {
			isa = PBXGroup;
			children = (
				57F017D0297DC1050065B50E /* Preview Assets.xcassets */,
			);
			path = "Preview Content";
			sourceTree = "<group>";
		};
		57F017DA297DC1050065B50E /* Elev8rTests */ = {
			isa = PBXGroup;
			children = (
				57F017DB297DC1050065B50E /* Elev8rTests.swift */,
				57F017DD297DC1050065B50E /* Info.plist */,
			);
			path = Elev8rTests;
			sourceTree = "<group>";
		};
		57F017E5297DC1050065B50E /* Elev8rUITests */ = {
			isa = PBXGroup;
			children = (
				57F017E6297DC1050065B50E /* Elev8rUITests.swift */,
				57F017E8297DC1050065B50E /* Info.plist */,
			);
			path = Elev8rUITests;
			sourceTree = "<group>";
		};
/* End PBXGroup section */

/* Begin PBXNativeTarget section */
		57F017C5297DC0F90065B50E /* Elev8r */ = {
			isa = PBXNativeTarget;
			buildConfigurationList = 57F017EB297DC1050065B50E /* Build configuration list for PBXNativeTarget "Elev8r" */;
			buildPhases = (
				57F017C2297DC0F90065B50E /* Sources */,
				57F017C3297DC0F90065B50E /* Frameworks */,
				57F017C4297DC0F90065B50E /* Resources */,
			);
			buildRules = (
			);
			dependencies = (
			);
			name = Elev8r;
			productName = Elev8r;
			productReference = 57F017C6297DC0F90065B50E /* Elev8r.app */;
			productType = "com.apple.product-type.application";
		};
		57F017D6297DC1050065B50E /* Elev8rTests */ = {
			isa = PBXNativeTarget;
			buildConfigurationList = 57F017EE297DC1050065B50E /* Build configuration list for PBXNativeTarget "Elev8rTests" */;
			buildPhases = (
				57F017D3297DC1050065B50E /* Sources */,
				57F017D4297DC1050065B50E /* Frameworks */,
				57F017D5297DC1050065B50E /* Resources */,
			);
			buildRules = (
			);
			dependencies = (
				57F017D9297DC1050065B50E /* PBXTargetDependency */,
			);
			name = Elev8rTests;
			productName = Elev8rTests;
			productReference = 57F017D7297DC1050065B50E /* Elev8rTests.xctest */;
			productType = "com.apple.product-type.bundle.unit-test";
		};
		57F017E1297DC1050065B50E /* Elev8rUITests */ = {
			isa = PBXNativeTarget;
			buildConfigurationList = 57F017F1297DC1050065B50E /* Build configuration list for PBXNativeTarget "Elev8rUITests" */;
			buildPhases = (
				57F017DE297DC1050065B50E /* Sources */,
				57F017DF297DC1050065B50E /* Frameworks */,
				57F017E0297DC1050065B50E /* Resources */,
			);
			buildRules = (
			);
			dependencies = (
				57F017E4297DC1050065B50E /* PBXTargetDependency */,
			);
			name = Elev8rUITests;
			productName = Elev8rUITests;
			productReference = 57F017E2297DC1050065B50E /* Elev8rUITests.xctest */;
			productType = "com.apple.product-type.bundle.ui-testing";
		};
/* End PBXNativeTarget section */

/* Begin PBXProject section */
		57F017BE297DC0F90065B50E /* Project object */ = {
			isa = PBXProject;
			attributes = {
				LastSwiftUpdateCheck = 1240;
				LastUpgradeCheck = 1240;
				TargetAttributes = {
					57F017C5297DC0F90065B50E = {
						CreatedOnToolsVersion = 12.4;
					};
					57F017D6297DC1050065B50E = {
						CreatedOnToolsVersion = 12.4;
						TestTargetID = 57F017C5297DC0F90065B50E;
					};
					57F017E1297DC1050065B50E = {
						CreatedOnToolsVersion = 12.4;
						TestTargetID = 57F017C5297DC0F90065B50E;
					};
				};
			};
			buildConfigurationList = 57F017C1297DC0F90065B50E /* Build configuration list for PBXProject "Elev8r" */;
			compatibilityVersion = "Xcode 9.3";
			developmentRegion = en;
			hasScannedForEncodings = 0;
			knownRegions = (
				en,
				Base,
			);
			mainGroup = 57F017BD297DC0F90065B50E;
			productRefGroup = 57F017C7297DC0F90065B50E /* Products */;
			projectDirPath = "";
			projectRoot = "";
			targets = (
				57F017C5297DC0F90065B50E /* Elev8r */,
				57F017D6297DC1050065B50E /* Elev8rTests */,
				57F017E1297DC1050065B50E /* Elev8rUITests */,
			);
		};
/* End PBXProject section */

/* Begin PBXResourcesBuildPhase section */
		57F017C4297DC0F90065B50E /* Resources */ = {
			isa = PBXResourcesBuildPhase;
			buildActionMask = 2147483647;
			files = (
				57F0180D297DCC260065B50E /* elevatorData.json in Resources */,
				57F017D1297DC1050065B50E /* Preview Assets.xcassets in Resources */,
				57F017CE297DC1050065B50E /* Assets.xcassets in Resources */,
			);
			runOnlyForDeploymentPostprocessing = 0;
		};
		57F017D5297DC1050065B50E /* Resources */ = {
			isa = PBXResourcesBuildPhase;
			buildActionMask = 2147483647;
			files = (
				57F0180E297DCC260065B50E /* elevatorData.json in Resources */,
			);
			runOnlyForDeploymentPostprocessing = 0;
		};
		57F017E0297DC1050065B50E /* Resources */ = {
			isa = PBXResourcesBuildPhase;
			buildActionMask = 2147483647;
			files = (
			);
			runOnlyForDeploymentPostprocessing = 0;
		};
/* End PBXResourcesBuildPhase section */

/* Begin PBXSourcesBuildPhase section */
		57F017C2297DC0F90065B50E /* Sources */ = {
			isa = PBXSourcesBuildPhase;
			buildActionMask = 2147483647;
			files = (
				57F01813297DD9970065B50E /* ElevatorView.swift in Sources */,
				57F01819297DED050065B50E /* ElevatorStepEntryView.swift in Sources */,
				57F017CC297DC0F90065B50E /* ContentView.swift in Sources */,
				57F017F8297DC4C00065B50E /* elevatorStep.swift in Sources */,
				57F01807297DC8B60065B50E /* ModelData.swift in Sources */,
				57F017FE297DC7300065B50E /* ElevatorStepView.swift in Sources */,
				57F017CA297DC0F90065B50E /* Elev8rApp.swift in Sources */,
			);
			runOnlyForDeploymentPostprocessing = 0;
		};
		57F017D3297DC1050065B50E /* Sources */ = {
			isa = PBXSourcesBuildPhase;
			buildActionMask = 2147483647;
			files = (
				57F017DC297DC1050065B50E /* Elev8rTests.swift in Sources */,
				57F01808297DC8B60065B50E /* ModelData.swift in Sources */,
				57F017F9297DC4C00065B50E /* elevatorStep.swift in Sources */,
				57F0181A297DED050065B50E /* ElevatorStepEntryView.swift in Sources */,
				57F017FF297DC7300065B50E /* ElevatorStepView.swift in Sources */,
				57F01814297DD9970065B50E /* ElevatorView.swift in Sources */,
			);
			runOnlyForDeploymentPostprocessing = 0;
		};
		57F017DE297DC1050065B50E /* Sources */ = {
			isa = PBXSourcesBuildPhase;
			buildActionMask = 2147483647;
			files = (
				57F017E7297DC1050065B50E /* Elev8rUITests.swift in Sources */,
			);
			runOnlyForDeploymentPostprocessing = 0;
		};
/* End PBXSourcesBuildPhase section */

/* Begin PBXTargetDependency section */
		57F017D9297DC1050065B50E /* PBXTargetDependency */ = {
			isa = PBXTargetDependency;
			target = 57F017C5297DC0F90065B50E /* Elev8r */;
			targetProxy = 57F017D8297DC1050065B50E /* PBXContainerItemProxy */;
		};
		57F017E4297DC1050065B50E /* PBXTargetDependency */ = {
			isa = PBXTargetDependency;
			target = 57F017C5297DC0F90065B50E /* Elev8r */;
			targetProxy = 57F017E3297DC1050065B50E /* PBXContainerItemProxy */;
		};
/* End PBXTargetDependency section */

/* Begin XCBuildConfiguration section */
		57F017E9297DC1050065B50E /* Debug */ = {
			isa = XCBuildConfiguration;
			buildSettings = {
				ALWAYS_SEARCH_USER_PATHS = NO;
				CLANG_ANALYZER_NONNULL = YES;
				CLANG_ANALYZER_NUMBER_OBJECT_CONVERSION = YES_AGGRESSIVE;
				CLANG_CXX_LANGUAGE_STANDARD = "gnu++14";
				CLANG_CXX_LIBRARY = "libc++";
				CLANG_ENABLE_MODULES = YES;
				CLANG_ENABLE_OBJC_ARC = YES;
				CLANG_ENABLE_OBJC_WEAK = YES;
				CLANG_WARN_BLOCK_CAPTURE_AUTORELEASING = YES;
				CLANG_WARN_BOOL_CONVERSION = YES;
				CLANG_WARN_COMMA = YES;
				CLANG_WARN_CONSTANT_CONVERSION = YES;
				CLANG_WARN_DEPRECATED_OBJC_IMPLEMENTATIONS = YES;
				CLANG_WARN_DIRECT_OBJC_ISA_USAGE = YES_ERROR;
				CLANG_WARN_DOCUMENTATION_COMMENTS = YES;
				CLANG_WARN_EMPTY_BODY = YES;
				CLANG_WARN_ENUM_CONVERSION = YES;
				CLANG_WARN_INFINITE_RECURSION = YES;
				CLANG_WARN_INT_CONVERSION = YES;
				CLANG_WARN_NON_LITERAL_NULL_CONVERSION = YES;
				CLANG_WARN_OBJC_IMPLICIT_RETAIN_SELF = YES;
				CLANG_WARN_OBJC_LITERAL_CONVERSION = YES;
				CLANG_WARN_OBJC_ROOT_CLASS = YES_ERROR;
				CLANG_WARN_QUOTED_INCLUDE_IN_FRAMEWORK_HEADER = YES;
				CLANG_WARN_RANGE_LOOP_ANALYSIS = YES;
				CLANG_WARN_STRICT_PROTOTYPES = YES;
				CLANG_WARN_SUSPICIOUS_MOVE = YES;
				CLANG_WARN_UNGUARDED_AVAILABILITY = YES_AGGRESSIVE;
				CLANG_WARN_UNREACHABLE_CODE = YES;
				CLANG_WARN__DUPLICATE_METHOD_MATCH = YES;
				COPY_PHASE_STRIP = NO;
				DEBUG_INFORMATION_FORMAT = dwarf;
				ENABLE_STRICT_OBJC_MSGSEND = YES;
				ENABLE_TESTABILITY = YES;
				GCC_C_LANGUAGE_STANDARD = gnu11;
				GCC_DYNAMIC_NO_PIC = NO;
				GCC_NO_COMMON_BLOCKS = YES;
				GCC_OPTIMIZATION_LEVEL = 0;
				GCC_PREPROCESSOR_DEFINITIONS = (
					"DEBUG=1",
					"$(inherited)",
				);
				GCC_WARN_64_TO_32_BIT_CONVERSION = YES;
				GCC_WARN_ABOUT_RETURN_TYPE = YES_ERROR;
				GCC_WARN_UNDECLARED_SELECTOR = YES;
				GCC_WARN_UNINITIALIZED_AUTOS = YES_AGGRESSIVE;
				GCC_WARN_UNUSED_FUNCTION = YES;
				GCC_WARN_UNUSED_VARIABLE = YES;
				IPHONEOS_DEPLOYMENT_TARGET = 14.4;
				MTL_ENABLE_DEBUG_INFO = INCLUDE_SOURCE;
				MTL_FAST_MATH = YES;
				ONLY_ACTIVE_ARCH = YES;
				SDKROOT = iphoneos;
				SWIFT_ACTIVE_COMPILATION_CONDITIONS = DEBUG;
				SWIFT_OPTIMIZATION_LEVEL = "-Onone";
			};
			name = Debug;
		};
		57F017EA297DC1050065B50E /* Release */ = {
			isa = XCBuildConfiguration;
			buildSettings = {
				ALWAYS_SEARCH_USER_PATHS = NO;
				CLANG_ANALYZER_NONNULL = YES;
				CLANG_ANALYZER_NUMBER_OBJECT_CONVERSION = YES_AGGRESSIVE;
				CLANG_CXX_LANGUAGE_STANDARD = "gnu++14";
				CLANG_CXX_LIBRARY = "libc++";
				CLANG_ENABLE_MODULES = YES;
				CLANG_ENABLE_OBJC_ARC = YES;
				CLANG_ENABLE_OBJC_WEAK = YES;
				CLANG_WARN_BLOCK_CAPTURE_AUTORELEASING = YES;
				CLANG_WARN_BOOL_CONVERSION = YES;
				CLANG_WARN_COMMA = YES;
				CLANG_WARN_CONSTANT_CONVERSION = YES;
				CLANG_WARN_DEPRECATED_OBJC_IMPLEMENTATIONS = YES;
				CLANG_WARN_DIRECT_OBJC_ISA_USAGE = YES_ERROR;
				CLANG_WARN_DOCUMENTATION_COMMENTS = YES;
				CLANG_WARN_EMPTY_BODY = YES;
				CLANG_WARN_ENUM_CONVERSION = YES;
				CLANG_WARN_INFINITE_RECURSION = YES;
				CLANG_WARN_INT_CONVERSION = YES;
				CLANG_WARN_NON_LITERAL_NULL_CONVERSION = YES;
				CLANG_WARN_OBJC_IMPLICIT_RETAIN_SELF = YES;
				CLANG_WARN_OBJC_LITERAL_CONVERSION = YES;
				CLANG_WARN_OBJC_ROOT_CLASS = YES_ERROR;
				CLANG_WARN_QUOTED_INCLUDE_IN_FRAMEWORK_HEADER = YES;
				CLANG_WARN_RANGE_LOOP_ANALYSIS = YES;
				CLANG_WARN_STRICT_PROTOTYPES = YES;
				CLANG_WARN_SUSPICIOUS_MOVE = YES;
				CLANG_WARN_UNGUARDED_AVAILABILITY = YES_AGGRESSIVE;
				CLANG_WARN_UNREACHABLE_CODE = YES;
				CLANG_WARN__DUPLICATE_METHOD_MATCH = YES;
				COPY_PHASE_STRIP = NO;
				DEBUG_INFORMATION_FORMAT = "dwarf-with-dsym";
				ENABLE_NS_ASSERTIONS = NO;
				ENABLE_STRICT_OBJC_MSGSEND = YES;
				GCC_C_LANGUAGE_STANDARD = gnu11;
				GCC_NO_COMMON_BLOCKS = YES;
				GCC_WARN_64_TO_32_BIT_CONVERSION = YES;
				GCC_WARN_ABOUT_RETURN_TYPE = YES_ERROR;
				GCC_WARN_UNDECLARED_SELECTOR = YES;
				GCC_WARN_UNINITIALIZED_AUTOS = YES_AGGRESSIVE;
				GCC_WARN_UNUSED_FUNCTION = YES;
				GCC_WARN_UNUSED_VARIABLE = YES;
				IPHONEOS_DEPLOYMENT_TARGET = 14.4;
				MTL_ENABLE_DEBUG_INFO = NO;
				MTL_FAST_MATH = YES;
				SDKROOT = iphoneos;
				SWIFT_COMPILATION_MODE = wholemodule;
				SWIFT_OPTIMIZATION_LEVEL = "-O";
				VALIDATE_PRODUCT = YES;
			};
			name = Release;
		};
		57F017EC297DC1050065B50E /* Debug */ = {
			isa = XCBuildConfiguration;
			buildSettings = {
				ASSETCATALOG_COMPILER_APPICON_NAME = AppIcon;
				ASSETCATALOG_COMPILER_GLOBAL_ACCENT_COLOR_NAME = AccentColor;
				CODE_SIGN_STYLE = Automatic;
				DEVELOPMENT_ASSET_PATHS = "\"Elev8r/Preview Content\"";
				ENABLE_PREVIEWS = YES;
				INFOPLIST_FILE = Elev8r/Info.plist;
				IPHONEOS_DEPLOYMENT_TARGET = 14.0;
				LD_RUNPATH_SEARCH_PATHS = (
					"$(inherited)",
					"@executable_path/Frameworks",
				);
				PRODUCT_BUNDLE_IDENTIFIER = gcr.Elev8r;
				PRODUCT_NAME = "$(TARGET_NAME)";
				SWIFT_VERSION = 5.0;
				TARGETED_DEVICE_FAMILY = "1,2";
			};
			name = Debug;
		};
		57F017ED297DC1050065B50E /* Release */ = {
			isa = XCBuildConfiguration;
			buildSettings = {
				ASSETCATALOG_COMPILER_APPICON_NAME = AppIcon;
				ASSETCATALOG_COMPILER_GLOBAL_ACCENT_COLOR_NAME = AccentColor;
				CODE_SIGN_STYLE = Automatic;
				DEVELOPMENT_ASSET_PATHS = "\"Elev8r/Preview Content\"";
				ENABLE_PREVIEWS = YES;
				INFOPLIST_FILE = Elev8r/Info.plist;
				IPHONEOS_DEPLOYMENT_TARGET = 14.0;
				LD_RUNPATH_SEARCH_PATHS = (
					"$(inherited)",
					"@executable_path/Frameworks",
				);
				PRODUCT_BUNDLE_IDENTIFIER = gcr.Elev8r;
				PRODUCT_NAME = "$(TARGET_NAME)";
				SWIFT_VERSION = 5.0;
				TARGETED_DEVICE_FAMILY = "1,2";
			};
			name = Release;
		};
		57F017EF297DC1050065B50E /* Debug */ = {
			isa = XCBuildConfiguration;
			buildSettings = {
				ALWAYS_EMBED_SWIFT_STANDARD_LIBRARIES = YES;
				BUNDLE_LOADER = "$(TEST_HOST)";
				CODE_SIGN_STYLE = Automatic;
				INFOPLIST_FILE = Elev8rTests/Info.plist;
				IPHONEOS_DEPLOYMENT_TARGET = 14.0;
				LD_RUNPATH_SEARCH_PATHS = (
					"$(inherited)",
					"@executable_path/Frameworks",
					"@loader_path/Frameworks",
				);
				PRODUCT_BUNDLE_IDENTIFIER = gcr.Elev8rTests;
				PRODUCT_NAME = "$(TARGET_NAME)";
				SWIFT_VERSION = 5.0;
				TARGETED_DEVICE_FAMILY = "1,2";
				TEST_HOST = "$(BUILT_PRODUCTS_DIR)/Elev8r.app/Elev8r";
			};
			name = Debug;
		};
		57F017F0297DC1050065B50E /* Release */ = {
			isa = XCBuildConfiguration;
			buildSettings = {
				ALWAYS_EMBED_SWIFT_STANDARD_LIBRARIES = YES;
				BUNDLE_LOADER = "$(TEST_HOST)";
				CODE_SIGN_STYLE = Automatic;
				INFOPLIST_FILE = Elev8rTests/Info.plist;
				IPHONEOS_DEPLOYMENT_TARGET = 14.0;
				LD_RUNPATH_SEARCH_PATHS = (
					"$(inherited)",
					"@executable_path/Frameworks",
					"@loader_path/Frameworks",
				);
				PRODUCT_BUNDLE_IDENTIFIER = gcr.Elev8rTests;
				PRODUCT_NAME = "$(TARGET_NAME)";
				SWIFT_VERSION = 5.0;
				TARGETED_DEVICE_FAMILY = "1,2";
				TEST_HOST = "$(BUILT_PRODUCTS_DIR)/Elev8r.app/Elev8r";
			};
			name = Release;
		};
		57F017F2297DC1050065B50E /* Debug */ = {
			isa = XCBuildConfiguration;
			buildSettings = {
				ALWAYS_EMBED_SWIFT_STANDARD_LIBRARIES = YES;
				CODE_SIGN_STYLE = Automatic;
				INFOPLIST_FILE = Elev8rUITests/Info.plist;
				LD_RUNPATH_SEARCH_PATHS = (
					"$(inherited)",
					"@executable_path/Frameworks",
					"@loader_path/Frameworks",
				);
				PRODUCT_BUNDLE_IDENTIFIER = gcr.Elev8rUITests;
				PRODUCT_NAME = "$(TARGET_NAME)";
				SWIFT_VERSION = 5.0;
				TARGETED_DEVICE_FAMILY = "1,2";
				TEST_TARGET_NAME = Elev8r;
			};
			name = Debug;
		};
		57F017F3297DC1050065B50E /* Release */ = {
			isa = XCBuildConfiguration;
			buildSettings = {
				ALWAYS_EMBED_SWIFT_STANDARD_LIBRARIES = YES;
				CODE_SIGN_STYLE = Automatic;
				INFOPLIST_FILE = Elev8rUITests/Info.plist;
				LD_RUNPATH_SEARCH_PATHS = (
					"$(inherited)",
					"@executable_path/Frameworks",
					"@loader_path/Frameworks",
				);
				PRODUCT_BUNDLE_IDENTIFIER = gcr.Elev8rUITests;
				PRODUCT_NAME = "$(TARGET_NAME)";
				SWIFT_VERSION = 5.0;
				TARGETED_DEVICE_FAMILY = "1,2";
				TEST_TARGET_NAME = Elev8r;
			};
			name = Release;
		};
/* End XCBuildConfiguration section */

/* Begin XCConfigurationList section */
		57F017C1297DC0F90065B50E /* Build configuration list for PBXProject "Elev8r" */ = {
			isa = XCConfigurationList;
			buildConfigurations = (
				57F017E9297DC1050065B50E /* Debug */,
				57F017EA297DC1050065B50E /* Release */,
			);
			defaultConfigurationIsVisible = 0;
			defaultConfigurationName = Release;
		};
		57F017EB297DC1050065B50E /* Build configuration list for PBXNativeTarget "Elev8r" */ = {
			isa = XCConfigurationList;
			buildConfigurations = (
				57F017EC297DC1050065B50E /* Debug */,
				57F017ED297DC1050065B50E /* Release */,
			);
			defaultConfigurationIsVisible = 0;
			defaultConfigurationName = Release;
		};
		57F017EE297DC1050065B50E /* Build configuration list for PBXNativeTarget "Elev8rTests" */ = {
			isa = XCConfigurationList;
			buildConfigurations = (
				57F017EF297DC1050065B50E /* Debug */,
				57F017F0297DC1050065B50E /* Release */,
			);
			defaultConfigurationIsVisible = 0;
			defaultConfigurationName = Release;
		};
		57F017F1297DC1050065B50E /* Build configuration list for PBXNativeTarget "Elev8rUITests" */ = {
			isa = XCConfigurationList;
			buildConfigurations = (
				57F017F2297DC1050065B50E /* Debug */,
				57F017F3297DC1050065B50E /* Release */,
			);
			defaultConfigurationIsVisible = 0;
			defaultConfigurationName = Release;
		};
/* End XCConfigurationList section */
	};
	rootObject = 57F017BE297DC0F90065B50E /* Project object */;
}
